
Microsoft Visual Studio Solution File, Format Version 12.00
# Blend for Visual Studio Version 16
VisualStudioVersion = 16.0.29613.14
MinimumVisualStudioVersion = 10.0.40219.1
Project("{FAE04EC0-301F-11D3-BF4B-00C04F79EFBC}") = "testCSharp", "testCSharp.csproj", "{E94EE37C-43C0-4463-895B-F0803FF16258}"
EndProject
Global
	GlobalSection(SolutionConfigurationPlatforms) = preSolution
		Debug|Any CPU = Debug|Any CPU
		Release|Any CPU = Release|Any CPU
	EndGlobalSection
	GlobalSection(ProjectConfigurationPlatforms) = postSolution
		{E94EE37C-43C0-4463-895B-F0803FF16258}.Debug|Any CPU.ActiveCfg = Debug|Any CPU
		{E94EE37C-43C0-4463-895B-F0803FF16258}.Debug|Any CPU.Build.0 = Debug|Any CPU
		{E94EE37C-43C0-4463-895B-F0803FF16258}.Release|Any CPU.ActiveCfg = Release|Any CPU
		{E94EE37C-43C0-4463-895B-F0803FF16258}.Release|Any CPU.Build.0 = Release|Any CPU
	EndGlobalSection
	GlobalSection(SolutionProperties) = preSolution
		HideSolutionNode = FALSE
	EndGlobalSection
	GlobalSection(ExtensibilityGlobals) = postSolution
		SolutionGuid = {3A770073-786F-47BE-80B9-102785334B0F}
	EndGlobalSection
EndGlobal
